
Microsoft Visual Studio Solution File, Format Version 12.00
# Visual Studio 2012
Project("{FAE04EC0-301F-11D3-BF4B-00C04F79EFBC}") = "MTRADataServer", "MTRADataServer\MTRADataServer.csproj", "{9D459DAC-B5D9-43BB-92B5-7F19F008E349}"
EndProject
Project("{FAE04EC0-301F-11D3-BF4B-00C04F79EFBC}") = "uvs_MOA", "uvs_MOA\uvs_MOA.csproj", "{69C2654E-36CC-4B4B-A1F1-EE29748FD214}"
EndProject
Project("{FAE04EC0-301F-11D3-BF4B-00C04F79EFBC}") = "HardwareConfigurationLib", "HardwareConfigurationLib\HardwareConfigurationLib.csproj", "{8AF3D954-490D-4FBF-B2D0-A9B4ED3D5656}"
EndProject
Project("{FAE04EC0-301F-11D3-BF4B-00C04F79EFBC}") = "NativeConfigurationLib", "NativeConfigurationLib\NativeConfigurationLib.csproj", "{6B2BBE2B-2934-4E6B-8118-BBF3F39EF48B}"
EndProject
Project("{FAE04EC0-301F-11D3-BF4B-00C04F79EFBC}") = "CommonClassesLib", "CommonClassesLib\CommonClassesLib.csproj", "{C2DD329C-18AE-48C6-B159-EED8954FD003}"
EndProject
Project("{FAE04EC0-301F-11D3-BF4B-00C04F79EFBC}") = "LinksLib", "LinksLib\LinksLib.csproj", "{E91D27A4-4F0C-4E64-BA3E-4146BDC41FD2}"
EndProject
Project("{FAE04EC0-301F-11D3-BF4B-00C04F79EFBC}") = "TraceSourceLib", "TraceSourceLib\TraceSourceLib\TraceSourceLib.csproj", "{248134C6-B5A0-4C36-AABA-85B5AB0D04BA}"
EndProject
Project("{FAE04EC0-301F-11D3-BF4B-00C04F79EFBC}") = "InterfaceLibrary", "InterfaceLibrary\InterfaceLibrary.csproj", "{983BD939-812B-4128-B212-6BB1574B2428}"
EndProject
Project("{FAE04EC0-301F-11D3-BF4B-00C04F79EFBC}") = "uvs_OPC", "uvs_OPC\uvs_OPC.csproj", "{196F23F7-48D6-4217-A91F-BBCFEFECBAF2}"
EndProject
Project("{FAE04EC0-301F-11D3-BF4B-00C04F79EFBC}") = "PresentationConfigurationLib", "PresentationConfigurationLib\PresentationConfigurationLib.csproj", "{69E10654-1799-4F90-8BE9-866CC0D236E5}"
EndProject
Project("{FAE04EC0-301F-11D3-BF4B-00C04F79EFBC}") = "Expression", "Expression\Expression.csproj", "{B930F065-DC12-4EFA-9673-D09BF6124178}"
EndProject
Project("{FAE04EC0-301F-11D3-BF4B-00C04F79EFBC}") = "WcfDataServer_Lib", "WcfDataServer_Lib\WcfDataServer_Lib.csproj", "{56E18A0D-2583-453A-9416-EBEC4E2E3168}"
EndProject
Global
	GlobalSection(SolutionConfigurationPlatforms) = preSolution
		Debug|Any CPU = Debug|Any CPU
		Release|Any CPU = Release|Any CPU
	EndGlobalSection
	GlobalSection(ProjectConfigurationPlatforms) = postSolution
		{9D459DAC-B5D9-43BB-92B5-7F19F008E349}.Debug|Any CPU.ActiveCfg = Debug|Any CPU
		{9D459DAC-B5D9-43BB-92B5-7F19F008E349}.Debug|Any CPU.Build.0 = Debug|Any CPU
		{9D459DAC-B5D9-43BB-92B5-7F19F008E349}.Release|Any CPU.ActiveCfg = Release|Any CPU
		{9D459DAC-B5D9-43BB-92B5-7F19F008E349}.Release|Any CPU.Build.0 = Release|Any CPU
		{69C2654E-36CC-4B4B-A1F1-EE29748FD214}.Debug|Any CPU.ActiveCfg = Debug|Any CPU
		{69C2654E-36CC-4B4B-A1F1-EE29748FD214}.Debug|Any CPU.Build.0 = Debug|Any CPU
		{69C2654E-36CC-4B4B-A1F1-EE29748FD214}.Release|Any CPU.ActiveCfg = Release|Any CPU
		{69C2654E-36CC-4B4B-A1F1-EE29748FD214}.Release|Any CPU.Build.0 = Release|Any CPU
		{8AF3D954-490D-4FBF-B2D0-A9B4ED3D5656}.Debug|Any CPU.ActiveCfg = Debug|Any CPU
		{8AF3D954-490D-4FBF-B2D0-A9B4ED3D5656}.Debug|Any CPU.Build.0 = Debug|Any CPU
		{8AF3D954-490D-4FBF-B2D0-A9B4ED3D5656}.Release|Any CPU.ActiveCfg = Release|Any CPU
		{8AF3D954-490D-4FBF-B2D0-A9B4ED3D5656}.Release|Any CPU.Build.0 = Release|Any CPU
		{6B2BBE2B-2934-4E6B-8118-BBF3F39EF48B}.Debug|Any CPU.ActiveCfg = Debug|Any CPU
		{6B2BBE2B-2934-4E6B-8118-BBF3F39EF48B}.Debug|Any CPU.Build.0 = Debug|Any CPU
		{6B2BBE2B-2934-4E6B-8118-BBF3F39EF48B}.Release|Any CPU.ActiveCfg = Release|Any CPU
		{6B2BBE2B-2934-4E6B-8118-BBF3F39EF48B}.Release|Any CPU.Build.0 = Release|Any CPU
		{C2DD329C-18AE-48C6-B159-EED8954FD003}.Debug|Any CPU.ActiveCfg = Debug|Any CPU
		{C2DD329C-18AE-48C6-B159-EED8954FD003}.Debug|Any CPU.Build.0 = Debug|Any CPU
		{C2DD329C-18AE-48C6-B159-EED8954FD003}.Release|Any CPU.ActiveCfg = Release|Any CPU
		{C2DD329C-18AE-48C6-B159-EED8954FD003}.Release|Any CPU.Build.0 = Release|Any CPU
		{E91D27A4-4F0C-4E64-BA3E-4146BDC41FD2}.Debug|Any CPU.ActiveCfg = Debug|Any CPU
		{E91D27A4-4F0C-4E64-BA3E-4146BDC41FD2}.Debug|Any CPU.Build.0 = Debug|Any CPU
		{E91D27A4-4F0C-4E64-BA3E-4146BDC41FD2}.Release|Any CPU.ActiveCfg = Release|Any CPU
		{E91D27A4-4F0C-4E64-BA3E-4146BDC41FD2}.Release|Any CPU.Build.0 = Release|Any CPU
		{248134C6-B5A0-4C36-AABA-85B5AB0D04BA}.Debug|Any CPU.ActiveCfg = Debug|Any CPU
		{248134C6-B5A0-4C36-AABA-85B5AB0D04BA}.Debug|Any CPU.Build.0 = Debug|Any CPU
		{248134C6-B5A0-4C36-AABA-85B5AB0D04BA}.Release|Any CPU.ActiveCfg = Release|Any CPU
		{248134C6-B5A0-4C36-AABA-85B5AB0D04BA}.Release|Any CPU.Build.0 = Release|Any CPU
		{983BD939-812B-4128-B212-6BB1574B2428}.Debug|Any CPU.ActiveCfg = Debug|Any CPU
		{983BD939-812B-4128-B212-6BB1574B2428}.Debug|Any CPU.Build.0 = Debug|Any CPU
		{983BD939-812B-4128-B212-6BB1574B2428}.Release|Any CPU.ActiveCfg = Release|Any CPU
		{983BD939-812B-4128-B212-6BB1574B2428}.Release|Any CPU.Build.0 = Release|Any CPU
		{196F23F7-48D6-4217-A91F-BBCFEFECBAF2}.Debug|Any CPU.ActiveCfg = Debug|Any CPU
		{196F23F7-48D6-4217-A91F-BBCFEFECBAF2}.Debug|Any CPU.Build.0 = Debug|Any CPU
		{196F23F7-48D6-4217-A91F-BBCFEFECBAF2}.Release|Any CPU.ActiveCfg = Release|Any CPU
		{196F23F7-48D6-4217-A91F-BBCFEFECBAF2}.Release|Any CPU.Build.0 = Release|Any CPU
		{69E10654-1799-4F90-8BE9-866CC0D236E5}.Debug|Any CPU.ActiveCfg = Debug|Any CPU
		{69E10654-1799-4F90-8BE9-866CC0D236E5}.Debug|Any CPU.Build.0 = Debug|Any CPU
		{69E10654-1799-4F90-8BE9-866CC0D236E5}.Release|Any CPU.ActiveCfg = Release|Any CPU
		{69E10654-1799-4F90-8BE9-866CC0D236E5}.Release|Any CPU.Build.0 = Release|Any CPU
		{B930F065-DC12-4EFA-9673-D09BF6124178}.Debug|Any CPU.ActiveCfg = Debug|Any CPU
		{B930F065-DC12-4EFA-9673-D09BF6124178}.Debug|Any CPU.Build.0 = Debug|Any CPU
		{B930F065-DC12-4EFA-9673-D09BF6124178}.Release|Any CPU.ActiveCfg = Release|Any CPU
		{B930F065-DC12-4EFA-9673-D09BF6124178}.Release|Any CPU.Build.0 = Release|Any CPU
		{56E18A0D-2583-453A-9416-EBEC4E2E3168}.Debug|Any CPU.ActiveCfg = Debug|Any CPU
		{56E18A0D-2583-453A-9416-EBEC4E2E3168}.Debug|Any CPU.Build.0 = Debug|Any CPU
		{56E18A0D-2583-453A-9416-EBEC4E2E3168}.Release|Any CPU.ActiveCfg = Release|Any CPU
		{56E18A0D-2583-453A-9416-EBEC4E2E3168}.Release|Any CPU.Build.0 = Release|Any CPU
	EndGlobalSection
	GlobalSection(SolutionProperties) = preSolution
		HideSolutionNode = FALSE
	EndGlobalSection
EndGlobal
