
Microsoft Visual Studio Solution File, Format Version 11.00
# Visual Studio 2010
Project("{FAE04EC0-301F-11D3-BF4B-00C04F79EFBC}") = "TraceSourceLib", "TraceSourceLib\TraceSourceLib.csproj", "{248134C6-B5A0-4C36-AABA-85B5AB0D04BA}"
EndProject
Global
	GlobalSection(SolutionConfigurationPlatforms) = preSolution
		Debug|Any CPU = Debug|Any CPU
		Release|Any CPU = Release|Any CPU
	EndGlobalSection
	GlobalSection(ProjectConfigurationPlatforms) = postSolution
		{248134C6-B5A0-4C36-AABA-85B5AB0D04BA}.Debug|Any CPU.ActiveCfg = Debug|Any CPU
		{248134C6-B5A0-4C36-AABA-85B5AB0D04BA}.Debug|Any CPU.Build.0 = Debug|Any CPU
		{248134C6-B5A0-4C36-AABA-85B5AB0D04BA}.Release|Any CPU.ActiveCfg = Release|Any CPU
		{248134C6-B5A0-4C36-AABA-85B5AB0D04BA}.Release|Any CPU.Build.0 = Release|Any CPU
	EndGlobalSection
	GlobalSection(SolutionProperties) = preSolution
		HideSolutionNode = FALSE
	EndGlobalSection
EndGlobal
